{
  "nodes": {
    "nixpkgs": {
      "locked": {
        "lastModified": 1763948260,
        "narHash": "sha256-dY9qLD0H0zOUgU3vWacPY6Qc421BeQAfm8kBuBtPVE0=",
        "rev": "1c8ba8d3f7634acac4a2094eef7c32ad9106532c",
        "revCount": 813095,
        "type": "tarball",
        "url": "https://api.flakehub.com/f/pinned/NixOS/nixpkgs/0.2505.813095%2Brev-1c8ba8d3f7634acac4a2094eef7c32ad9106532c/019ab6d8-0005-7317-844d-5d868444249f/source.tar.gz"
      },
      "original": {
        "type": "tarball",
        "url": "https://flakehub.com/f/NixOS/nixpkgs/0"
      }
    },
    "root": {
      "inputs": {
        "nixpkgs": "nixpkgs"
      }
    }
  },
  "root": "root",
  "version": 7
}
