{
  "nodes": {
    "nixpkgs": {
      "locked": {
        "lastModified": 1729880355,
        "narHash": "sha256-RP+OQ6koQQLX5nw0NmcDrzvGL8HDLnyXt/jHhL1jwjM=",
        "rev": "18536bf04cd71abd345f9579158841376fdd0c5a",
        "revCount": 696981,
        "type": "tarball",
        "url": "https://api.flakehub.com/f/pinned/NixOS/nixpkgs/0.1.696981%2Brev-18536bf04cd71abd345f9579158841376fdd0c5a/0192cc00-028d-731c-91e9-e50f0dd89c03/source.tar.gz"
      },
      "original": {
        "type": "tarball",
        "url": "https://flakehub.com/f/NixOS/nixpkgs/0.1.%2A.tar.gz"
      }
    },
    "root": {
      "inputs": {
        "nixpkgs": "nixpkgs",
        "rust-overlay": "rust-overlay"
      }
    },
    "rust-overlay": {
      "inputs": {
        "nixpkgs": [
          "nixpkgs"
        ]
      },
      "locked": {
        "lastModified": 1730082698,
        "narHash": "sha256-xGP95+G2/esys6FpxrunwwfhirfGsFfPKBJ12MLV1Ps=",
        "owner": "oxalica",
        "repo": "rust-overlay",
        "rev": "0d594a39c8f08d81246d06a56e1ccfc04782404f",
        "type": "github"
      },
      "original": {
        "owner": "oxalica",
        "repo": "rust-overlay",
        "type": "github"
      }
    }
  },
  "root": "root",
  "version": 7
}
